
Microsoft Visual Studio Solution File, Format Version 12.00
# Visual Studio 15
VisualStudioVersion = 15.0.28010.2026
MinimumVisualStudioVersion = 10.0.40219.1
Project("{FAE04EC0-301F-11D3-BF4B-00C04F79EFBC}") = "UmbracoMigrations.Site", "UmbracoMigrations.Site\UmbracoMigrations.Site.csproj", "{59C6317D-7745-41F0-89F1-458F2A427311}"
EndProject
Project("{FAE04EC0-301F-11D3-BF4B-00C04F79EFBC}") = "Our.Umbraco.MigrationHelper", "Our.Umbraco.MigrationHelper\Our.Umbraco.MigrationHelper.csproj", "{7ADA3C1E-04A7-4000-9BF5-3384FEB551E2}"
EndProject
Project("{FAE04EC0-301F-11D3-BF4B-00C04F79EFBC}") = "MigrationDemo", "MigrationDemo\MigrationDemo.csproj", "{7853BCD9-F153-4FDA-B6FC-58F070D6F10B}"
EndProject
Global
	GlobalSection(SolutionConfigurationPlatforms) = preSolution
		Debug|Any CPU = Debug|Any CPU
		Release|Any CPU = Release|Any CPU
	EndGlobalSection
	GlobalSection(ProjectConfigurationPlatforms) = postSolution
		{59C6317D-7745-41F0-89F1-458F2A427311}.Debug|Any CPU.ActiveCfg = Debug|Any CPU
		{59C6317D-7745-41F0-89F1-458F2A427311}.Debug|Any CPU.Build.0 = Debug|Any CPU
		{59C6317D-7745-41F0-89F1-458F2A427311}.Release|Any CPU.ActiveCfg = Release|Any CPU
		{59C6317D-7745-41F0-89F1-458F2A427311}.Release|Any CPU.Build.0 = Release|Any CPU
		{7ADA3C1E-04A7-4000-9BF5-3384FEB551E2}.Debug|Any CPU.ActiveCfg = Debug|Any CPU
		{7ADA3C1E-04A7-4000-9BF5-3384FEB551E2}.Debug|Any CPU.Build.0 = Debug|Any CPU
		{7ADA3C1E-04A7-4000-9BF5-3384FEB551E2}.Release|Any CPU.ActiveCfg = Release|Any CPU
		{7ADA3C1E-04A7-4000-9BF5-3384FEB551E2}.Release|Any CPU.Build.0 = Release|Any CPU
		{7853BCD9-F153-4FDA-B6FC-58F070D6F10B}.Debug|Any CPU.ActiveCfg = Debug|Any CPU
		{7853BCD9-F153-4FDA-B6FC-58F070D6F10B}.Debug|Any CPU.Build.0 = Debug|Any CPU
		{7853BCD9-F153-4FDA-B6FC-58F070D6F10B}.Release|Any CPU.ActiveCfg = Release|Any CPU
		{7853BCD9-F153-4FDA-B6FC-58F070D6F10B}.Release|Any CPU.Build.0 = Release|Any CPU
	EndGlobalSection
	GlobalSection(SolutionProperties) = preSolution
		HideSolutionNode = FALSE
	EndGlobalSection
	GlobalSection(ExtensibilityGlobals) = postSolution
		SolutionGuid = {F015E4CC-1651-4BFA-811D-7129290ED2E7}
	EndGlobalSection
EndGlobal
